
Microsoft Visual Studio Solution File, Format Version 12.00
# Visual Studio 2012
Project("{FAE04EC0-301F-11D3-BF4B-00C04F79EFBC}") = "triangle of numbers", "triangle of numbers\triangle of numbers.csproj", "{DFD2C0CA-80B0-499A-9C18-7BEDA3595571}"
EndProject
Global
	GlobalSection(SolutionConfigurationPlatforms) = preSolution
		Debug|Any CPU = Debug|Any CPU
		Release|Any CPU = Release|Any CPU
	EndGlobalSection
	GlobalSection(ProjectConfigurationPlatforms) = postSolution
		{DFD2C0CA-80B0-499A-9C18-7BEDA3595571}.Debug|Any CPU.ActiveCfg = Debug|Any CPU
		{DFD2C0CA-80B0-499A-9C18-7BEDA3595571}.Debug|Any CPU.Build.0 = Debug|Any CPU
		{DFD2C0CA-80B0-499A-9C18-7BEDA3595571}.Release|Any CPU.ActiveCfg = Release|Any CPU
		{DFD2C0CA-80B0-499A-9C18-7BEDA3595571}.Release|Any CPU.Build.0 = Release|Any CPU
	EndGlobalSection
	GlobalSection(SolutionProperties) = preSolution
		HideSolutionNode = FALSE
	EndGlobalSection
EndGlobal
